<?xml version="1.0" encoding="utf-8"?>
<Project ToolsVersion="4.0" xmlns="http://schemas.microsoft.com/developer/msbuild/2003">
  <ItemGroup>
    <Filter Include="Source Files">
      <UniqueIdentifier>{8302e3e4-c85c-42ff-97b8-4044d4b3833a}</UniqueIdentifier>
      <Extensions>cpp;c;cxx;rc;def;r;odl;idl;hpj;bat</Extensions>
    </Filter>
    <Filter Include="Header Files">
      <UniqueIdentifier>{7f58aafa-8669-47a1-9753-a7961ac91031}</UniqueIdentifier>
      <Extensions>h;hpp;hxx;hm;inl</Extensions>
    </Filter>
    <Filter Include="Resource Files">
      <UniqueIdentifier>{b1f1ca64-6ab0-435f-8aff-d9ccc0faf83f}</UniqueIdentifier>
      <Extensions>ico;cur;bmp;dlg;rc2;rct;bin;rgs;gif;jpg;jpeg;jpe</Extensions>
    </Filter>
  </ItemGroup>
  <ItemGroup>
    <ClCompile Include="Complete.cpp">
      <Filter>Source Files</Filter>
    </ClCompile>
    <ClCompile Include="CompleteNew.cpp">
      <Filter>Source Files</Filter>
    </ClCompile>
    <ClCompile Include="Int1.cpp">
      <Filter>Source Files</Filter>
    </ClCompile>
    <ClCompile Include="Int2.cpp">
      <Filter>Source Files</Filter>
    </ClCompile>
    <ClCompile Include="IntroPg.cpp">
      <Filter>Source Files</Filter>
    </ClCompile>
    <ClCompile Include="IntroPgNew.cpp">
      <Filter>Source Files</Filter>
    </ClCompile>
    <ClCompile Include="StdAfx.cpp">
      <Filter>Source Files</Filter>
    </ClCompile>
    <ClCompile Include="Wizard97.cpp">
      <Filter>Source Files</Filter>
    </ClCompile>
    <ClCompile Include="WizSheet.cpp">
      <Filter>Source Files</Filter>
    </ClCompile>
  </ItemGroup>
  <ItemGroup>
    <ResourceCompile Include="Wizard97.rc">
      <Filter>Source Files</Filter>
    </ResourceCompile>
  </ItemGroup>
  <ItemGroup>
    <ClInclude Include="Complete.h">
      <Filter>Header Files</Filter>
    </ClInclude>
    <ClInclude Include="CompleteNew.h">
      <Filter>Header Files</Filter>
    </ClInclude>
    <ClInclude Include="Int1.h">
      <Filter>Header Files</Filter>
    </ClInclude>
    <ClInclude Include="Int2.h">
      <Filter>Header Files</Filter>
    </ClInclude>
    <ClInclude Include="IntroPg.h">
      <Filter>Header Files</Filter>
    </ClInclude>
    <ClInclude Include="IntroPgNew.h">
      <Filter>Header Files</Filter>
    </ClInclude>
    <ClInclude Include="Resource.h">
      <Filter>Header Files</Filter>
    </ClInclude>
    <ClInclude Include="StdAfx.h">
      <Filter>Header Files</Filter>
    </ClInclude>
    <ClInclude Include="Wizard97.h">
      <Filter>Header Files</Filter>
    </ClInclude>
    <ClInclude Include="WizSheet.h">
      <Filter>Header Files</Filter>
    </ClInclude>
  </ItemGroup>
  <ItemGroup>
    <Image Include="res\Baner16.bmp">
      <Filter>Resource Files</Filter>
    </Image>
    <Image Include="res\Baner256.bmp">
      <Filter>Resource Files</Filter>
    </Image>
    <Image Include="res\Water16.bmp">
      <Filter>Resource Files</Filter>
    </Image>
    <Image Include="res\Water256.bmp">
      <Filter>Resource Files</Filter>
    </Image>
    <Image Include="res\Wizard97.ico">
      <Filter>Resource Files</Filter>
    </Image>
  </ItemGroup>
  <ItemGroup>
    <CustomBuild Include="res\Wizard97.rc2">
      <Filter>Resource Files</Filter>
    </CustomBuild>
  </ItemGroup>
</Project>