
Microsoft Visual Studio Solution File, Format Version 12.00
# Visual Studio 14
VisualStudioVersion = 14.0.23107.0
MinimumVisualStudioVersion = 10.0.40219.1
Project("{8BC9CEB8-8B4A-11D0-8D11-00A0C91BC942}") = "Demo", "Demo.vcxproj", "{622104F2-DD3E-4562-B278-262CE7C2B867}"
EndProject
Project("{8BC9CEB8-8B4A-11D0-8D11-00A0C91BC942}") = "ResizableLib", "..\ResizableLib\ResizableLib.vcxproj", "{C176053F-C799-4BF4-ABFA-125A4192CEB9}"
EndProject
Global
	GlobalSection(SolutionConfigurationPlatforms) = preSolution
		Debug Static Unicode|Win32 = Debug Static Unicode|Win32
		Debug Static|Win32 = Debug Static|Win32
		Debug Unicode|Win32 = Debug Unicode|Win32
		Debug|Win32 = Debug|Win32
		Release Static Unicode|Win32 = Release Static Unicode|Win32
		Release Static|Win32 = Release Static|Win32
		Release Unicode|Win32 = Release Unicode|Win32
		Release|Win32 = Release|Win32
	EndGlobalSection
	GlobalSection(ProjectConfigurationPlatforms) = postSolution
		{622104F2-DD3E-4562-B278-262CE7C2B867}.Debug Static Unicode|Win32.ActiveCfg = Debug Static Unicode|Win32
		{622104F2-DD3E-4562-B278-262CE7C2B867}.Debug Static Unicode|Win32.Build.0 = Debug Static Unicode|Win32
		{622104F2-DD3E-4562-B278-262CE7C2B867}.Debug Static|Win32.ActiveCfg = Debug Static|Win32
		{622104F2-DD3E-4562-B278-262CE7C2B867}.Debug Static|Win32.Build.0 = Debug Static|Win32
		{622104F2-DD3E-4562-B278-262CE7C2B867}.Debug Unicode|Win32.ActiveCfg = Debug Unicode|Win32
		{622104F2-DD3E-4562-B278-262CE7C2B867}.Debug Unicode|Win32.Build.0 = Debug Unicode|Win32
		{622104F2-DD3E-4562-B278-262CE7C2B867}.Debug|Win32.ActiveCfg = Debug|Win32
		{622104F2-DD3E-4562-B278-262CE7C2B867}.Debug|Win32.Build.0 = Debug|Win32
		{622104F2-DD3E-4562-B278-262CE7C2B867}.Release Static Unicode|Win32.ActiveCfg = Release Static Unicode|Win32
		{622104F2-DD3E-4562-B278-262CE7C2B867}.Release Static Unicode|Win32.Build.0 = Release Static Unicode|Win32
		{622104F2-DD3E-4562-B278-262CE7C2B867}.Release Static|Win32.ActiveCfg = Release Static|Win32
		{622104F2-DD3E-4562-B278-262CE7C2B867}.Release Static|Win32.Build.0 = Release Static|Win32
		{622104F2-DD3E-4562-B278-262CE7C2B867}.Release Unicode|Win32.ActiveCfg = Release Unicode|Win32
		{622104F2-DD3E-4562-B278-262CE7C2B867}.Release Unicode|Win32.Build.0 = Release Unicode|Win32
		{622104F2-DD3E-4562-B278-262CE7C2B867}.Release|Win32.ActiveCfg = Release|Win32
		{622104F2-DD3E-4562-B278-262CE7C2B867}.Release|Win32.Build.0 = Release|Win32
		{C176053F-C799-4BF4-ABFA-125A4192CEB9}.Debug Static Unicode|Win32.ActiveCfg = Debug Static Unicode|Win32
		{C176053F-C799-4BF4-ABFA-125A4192CEB9}.Debug Static Unicode|Win32.Build.0 = Debug Static Unicode|Win32
		{C176053F-C799-4BF4-ABFA-125A4192CEB9}.Debug Static|Win32.ActiveCfg = Debug Static|Win32
		{C176053F-C799-4BF4-ABFA-125A4192CEB9}.Debug Static|Win32.Build.0 = Debug Static|Win32
		{C176053F-C799-4BF4-ABFA-125A4192CEB9}.Debug Unicode|Win32.ActiveCfg = Debug Unicode|Win32
		{C176053F-C799-4BF4-ABFA-125A4192CEB9}.Debug Unicode|Win32.Build.0 = Debug Unicode|Win32
		{C176053F-C799-4BF4-ABFA-125A4192CEB9}.Debug|Win32.ActiveCfg = Debug|Win32
		{C176053F-C799-4BF4-ABFA-125A4192CEB9}.Debug|Win32.Build.0 = Debug|Win32
		{C176053F-C799-4BF4-ABFA-125A4192CEB9}.Release Static Unicode|Win32.ActiveCfg = Release Static Unicode|Win32
		{C176053F-C799-4BF4-ABFA-125A4192CEB9}.Release Static Unicode|Win32.Build.0 = Release Static Unicode|Win32
		{C176053F-C799-4BF4-ABFA-125A4192CEB9}.Release Static|Win32.ActiveCfg = Release Static|Win32
		{C176053F-C799-4BF4-ABFA-125A4192CEB9}.Release Static|Win32.Build.0 = Release Static|Win32
		{C176053F-C799-4BF4-ABFA-125A4192CEB9}.Release Unicode|Win32.ActiveCfg = Release Unicode|Win32
		{C176053F-C799-4BF4-ABFA-125A4192CEB9}.Release Unicode|Win32.Build.0 = Release Unicode|Win32
		{C176053F-C799-4BF4-ABFA-125A4192CEB9}.Release|Win32.ActiveCfg = Release|Win32
		{C176053F-C799-4BF4-ABFA-125A4192CEB9}.Release|Win32.Build.0 = Release|Win32
	EndGlobalSection
	GlobalSection(SolutionProperties) = preSolution
		HideSolutionNode = FALSE
	EndGlobalSection
EndGlobal
